// !$*UTF8*$!
{
	archiveVersion = 1;
	classes = {
	};
	objectVersion = 46;
	objects = {

/* Begin PBXBuildFile section */
		AAFC369A1D71260B003AAA5D /* main.m in Sources */ = {isa = PBXBuildFile; fileRef = AAFC36991D71260B003AAA5D /* main.m */; };
		AAFC369D1D71260B003AAA5D /* AppDelegate.m in Sources */ = {isa = PBXBuildFile; fileRef = AAFC369C1D71260B003AAA5D /* AppDelegate.m */; };
		AAFC36A01D71260B003AAA5D /* Start.m in Sources */ = {isa = PBXBuildFile; fileRef = AAFC369F1D71260B003AAA5D /* Start.m */; };
		AAFC36A31D71260B003AAA5D /* Main.storyboard in Resources */ = {isa = PBXBuildFile; fileRef = AAFC36A11D71260B003AAA5D /* Main.storyboard */; };
		AAFC36A61D71260B003AAA5D /* ExamenFinal.xcdatamodeld in Sources */ = {isa = PBXBuildFile; fileRef = AAFC36A41D71260B003AAA5D /* ExamenFinal.xcdatamodeld */; };
		AAFC36A81D71260B003AAA5D /* Assets.xcassets in Resources */ = {isa = PBXBuildFile; fileRef = AAFC36A71D71260B003AAA5D /* Assets.xcassets */; };
		AAFC36AB1D71260B003AAA5D /* LaunchScreen.storyboard in Resources */ = {isa = PBXBuildFile; fileRef = AAFC36A91D71260B003AAA5D /* LaunchScreen.storyboard */; };
		AAFC36B71D712767003AAA5D /* TemperatureView.m in Sources */ = {isa = PBXBuildFile; fileRef = AAFC36B61D712767003AAA5D /* TemperatureView.m */; };
		AAFC36BA1D712785003AAA5D /* ProductView.m in Sources */ = {isa = PBXBuildFile; fileRef = AAFC36B91D712785003AAA5D /* ProductView.m */; };
		AAFC36BD1D712796003AAA5D /* BuyView.m in Sources */ = {isa = PBXBuildFile; fileRef = AAFC36BC1D712796003AAA5D /* BuyView.m */; };
		AAFF65761D71459100CE1F38 /* BackgroundLayer.m in Sources */ = {isa = PBXBuildFile; fileRef = AAFF65751D71459000CE1F38 /* BackgroundLayer.m */; };
		AAFF65921D71E35400CE1F38 /* NSDictionary+ObjectMapper.m in Sources */ = {isa = PBXBuildFile; fileRef = AAFF657B1D71E35400CE1F38 /* NSDictionary+ObjectMapper.m */; };
		AAFF65931D71E35400CE1F38 /* NSObject+ObjectMapper.m in Sources */ = {isa = PBXBuildFile; fileRef = AAFF657D1D71E35400CE1F38 /* NSObject+ObjectMapper.m */; };
		AAFF65941D71E35400CE1F38 /* ManagedObjectInstanceProvider.m in Sources */ = {isa = PBXBuildFile; fileRef = AAFF65811D71E35400CE1F38 /* ManagedObjectInstanceProvider.m */; };
		AAFF65951D71E35400CE1F38 /* ObjectInstanceProvider.m in Sources */ = {isa = PBXBuildFile; fileRef = AAFF65831D71E35400CE1F38 /* ObjectInstanceProvider.m */; };
		AAFF65961D71E35400CE1F38 /* CommonLoggingProvider.m in Sources */ = {isa = PBXBuildFile; fileRef = AAFF65861D71E35400CE1F38 /* CommonLoggingProvider.m */; };
		AAFF65971D71E35400CE1F38 /* InCodeMappingProvider.m in Sources */ = {isa = PBXBuildFile; fileRef = AAFF658B1D71E35400CE1F38 /* InCodeMappingProvider.m */; };
		AAFF65981D71E35400CE1F38 /* ObjectMapper.m in Sources */ = {isa = PBXBuildFile; fileRef = AAFF658E1D71E35400CE1F38 /* ObjectMapper.m */; };
		AAFF65991D71E35400CE1F38 /* ObjectMappingInfo.m in Sources */ = {isa = PBXBuildFile; fileRef = AAFF65901D71E35400CE1F38 /* ObjectMappingInfo.m */; };
		AAFF659C1D71E44400CE1F38 /* Declarations.m in Sources */ = {isa = PBXBuildFile; fileRef = AAFF659B1D71E44400CE1F38 /* Declarations.m */; };
		AAFF65A31D71E48000CE1F38 /* OCMapperConfig.m in Sources */ = {isa = PBXBuildFile; fileRef = AAFF659E1D71E48000CE1F38 /* OCMapperConfig.m */; };
		AAFF65A41D71E48000CE1F38 /* Parser.m in Sources */ = {isa = PBXBuildFile; fileRef = AAFF65A01D71E48000CE1F38 /* Parser.m */; };
		AAFF65A51D71E48000CE1F38 /* WebServices.m in Sources */ = {isa = PBXBuildFile; fileRef = AAFF65A21D71E48000CE1F38 /* WebServices.m */; };
		AAFF65C01D71EC7400CE1F38 /* NSObject+SBJson.m in Sources */ = {isa = PBXBuildFile; fileRef = AAFF65A81D71EC7400CE1F38 /* NSObject+SBJson.m */; };
		AAFF65C11D71EC7400CE1F38 /* SBJsonParser.m in Sources */ = {isa = PBXBuildFile; fileRef = AAFF65AB1D71EC7400CE1F38 /* SBJsonParser.m */; };
		AAFF65C21D71EC7400CE1F38 /* SBJsonStreamParser.m in Sources */ = {isa = PBXBuildFile; fileRef = AAFF65AD1D71EC7400CE1F38 /* SBJsonStreamParser.m */; };
		AAFF65C31D71EC7400CE1F38 /* SBJsonStreamParserAccumulator.m in Sources */ = {isa = PBXBuildFile; fileRef = AAFF65AF1D71EC7400CE1F38 /* SBJsonStreamParserAccumulator.m */; };
		AAFF65C41D71EC7400CE1F38 /* SBJsonStreamParserAdapter.m in Sources */ = {isa = PBXBuildFile; fileRef = AAFF65B11D71EC7400CE1F38 /* SBJsonStreamParserAdapter.m */; };
		AAFF65C51D71EC7400CE1F38 /* SBJsonStreamParserState.m in Sources */ = {isa = PBXBuildFile; fileRef = AAFF65B31D71EC7400CE1F38 /* SBJsonStreamParserState.m */; };
		AAFF65C61D71EC7400CE1F38 /* SBJsonStreamWriter.m in Sources */ = {isa = PBXBuildFile; fileRef = AAFF65B51D71EC7400CE1F38 /* SBJsonStreamWriter.m */; };
		AAFF65C71D71EC7400CE1F38 /* SBJsonStreamWriterAccumulator.m in Sources */ = {isa = PBXBuildFile; fileRef = AAFF65B71D71EC7400CE1F38 /* SBJsonStreamWriterAccumulator.m */; };
		AAFF65C81D71EC7400CE1F38 /* SBJsonStreamWriterState.m in Sources */ = {isa = PBXBuildFile; fileRef = AAFF65B91D71EC7400CE1F38 /* SBJsonStreamWriterState.m */; };
		AAFF65C91D71EC7400CE1F38 /* SBJsonTokeniser.m in Sources */ = {isa = PBXBuildFile; fileRef = AAFF65BB1D71EC7400CE1F38 /* SBJsonTokeniser.m */; };
		AAFF65CA1D71EC7400CE1F38 /* SBJsonUTF8Stream.m in Sources */ = {isa = PBXBuildFile; fileRef = AAFF65BD1D71EC7400CE1F38 /* SBJsonUTF8Stream.m */; };
		AAFF65CB1D71EC7400CE1F38 /* SBJsonWriter.m in Sources */ = {isa = PBXBuildFile; fileRef = AAFF65BF1D71EC7400CE1F38 /* SBJsonWriter.m */; };
		AAFF65D01D71F4CE00CE1F38 /* ObjectResponse.m in Sources */ = {isa = PBXBuildFile; fileRef = AAFF65CF1D71F4CE00CE1F38 /* ObjectResponse.m */; };
		AAFF65D31D71FD7F00CE1F38 /* Json_main.m in Sources */ = {isa = PBXBuildFile; fileRef = AAFF65D21D71FD7F00CE1F38 /* Json_main.m */; };
		AAFF65D61D7206EC00CE1F38 /* Json_weather.m in Sources */ = {isa = PBXBuildFile; fileRef = AAFF65D51D7206EC00CE1F38 /* Json_weather.m */; };
		AAFF65DD1D724D4E00CE1F38 /* Cell.m in Sources */ = {isa = PBXBuildFile; fileRef = AAFF65DB1D724D4E00CE1F38 /* Cell.m */; };
		AAFF65DE1D724D4E00CE1F38 /* Cell.xib in Resources */ = {isa = PBXBuildFile; fileRef = AAFF65DC1D724D4E00CE1F38 /* Cell.xib */; };
		AAFF65EA1D72590500CE1F38 /* cablelight.jpg in Resources */ = {isa = PBXBuildFile; fileRef = AAFF65E01D72590500CE1F38 /* cablelight.jpg */; };
		AAFF65EB1D72590500CE1F38 /* cargador.jpg in Resources */ = {isa = PBXBuildFile; fileRef = AAFF65E11D72590500CE1F38 /* cargador.jpg */; };
		AAFF65EC1D72590500CE1F38 /* impresora.jpg in Resources */ = {isa = PBXBuildFile; fileRef = AAFF65E21D72590500CE1F38 /* impresora.jpg */; };
		AAFF65ED1D72590500CE1F38 /* kindle.jpg in Resources */ = {isa = PBXBuildFile; fileRef = AAFF65E31D72590500CE1F38 /* kindle.jpg */; };
		AAFF65EE1D72590500CE1F38 /* motog4.jpg in Resources */ = {isa = PBXBuildFile; fileRef = AAFF65E41D72590500CE1F38 /* motog4.jpg */; };
		AAFF65EF1D72590500CE1F38 /* mouse.jpg in Resources */ = {isa = PBXBuildFile; fileRef = AAFF65E51D72590500CE1F38 /* mouse.jpg */; };
		AAFF65F01D72590500CE1F38 /* smarttv.jpg in Resources */ = {isa = PBXBuildFile; fileRef = AAFF65E61D72590500CE1F38 /* smarttv.jpg */; };
		AAFF65F11D72590500CE1F38 /* smartw.jpg in Resources */ = {isa = PBXBuildFile; fileRef = AAFF65E71D72590500CE1F38 /* smartw.jpg */; };
		AAFF65F21D72590500CE1F38 /* tripie.jpg in Resources */ = {isa = PBXBuildFile; fileRef = AAFF65E81D72590500CE1F38 /* tripie.jpg */; };
		AAFF65F31D72590500CE1F38 /* vtindew.jpg in Resources */ = {isa = PBXBuildFile; fileRef = AAFF65E91D72590500CE1F38 /* vtindew.jpg */; };
		E68FBB6B91F113922337FE8A /* Pods_ExamenFinal.framework in Frameworks */ = {isa = PBXBuildFile; fileRef = A5D47335D0DB5ECB9C255344 /* Pods_ExamenFinal.framework */; };
/* End PBXBuildFile section */

/* Begin PBXFileReference section */
		3BB0079DF39B07B7F16DD791 /* Pods-ExamenFinal.release.xcconfig */ = {isa = PBXFileReference; includeInIndex = 1; lastKnownFileType = text.xcconfig; name = "Pods-ExamenFinal.release.xcconfig"; path = "Pods/Target Support Files/Pods-ExamenFinal/Pods-ExamenFinal.release.xcconfig"; sourceTree = "<group>"; };
		A5D47335D0DB5ECB9C255344 /* Pods_ExamenFinal.framework */ = {isa = PBXFileReference; explicitFileType = wrapper.framework; includeInIndex = 0; path = Pods_ExamenFinal.framework; sourceTree = BUILT_PRODUCTS_DIR; };
		AAFC36951D71260B003AAA5D /* ExamenFinal.app */ = {isa = PBXFileReference; explicitFileType = wrapper.application; includeInIndex = 0; path = ExamenFinal.app; sourceTree = BUILT_PRODUCTS_DIR; };
		AAFC36991D71260B003AAA5D /* main.m */ = {isa = PBXFileReference; lastKnownFileType = sourcecode.c.objc; path = main.m; sourceTree = "<group>"; };
		AAFC369B1D71260B003AAA5D /* AppDelegate.h */ = {isa = PBXFileReference; lastKnownFileType = sourcecode.c.h; path = AppDelegate.h; sourceTree = "<group>"; };
		AAFC369C1D71260B003AAA5D /* AppDelegate.m */ = {isa = PBXFileReference; lastKnownFileType = sourcecode.c.objc; path = AppDelegate.m; sourceTree = "<group>"; };
		AAFC369E1D71260B003AAA5D /* Start.h */ = {isa = PBXFileReference; lastKnownFileType = sourcecode.c.h; path = Start.h; sourceTree = "<group>"; };
		AAFC369F1D71260B003AAA5D /* Start.m */ = {isa = PBXFileReference; lastKnownFileType = sourcecode.c.objc; path = Start.m; sourceTree = "<group>"; };
		AAFC36A21D71260B003AAA5D /* Base */ = {isa = PBXFileReference; lastKnownFileType = file.storyboard; name = Base; path = Base.lproj/Main.storyboard; sourceTree = "<group>"; };
		AAFC36A51D71260B003AAA5D /* ExamenFinal.xcdatamodel */ = {isa = PBXFileReference; lastKnownFileType = wrapper.xcdatamodel; path = ExamenFinal.xcdatamodel; sourceTree = "<group>"; };
		AAFC36A71D71260B003AAA5D /* Assets.xcassets */ = {isa = PBXFileReference; lastKnownFileType = folder.assetcatalog; path = Assets.xcassets; sourceTree = "<group>"; };
		AAFC36AA1D71260B003AAA5D /* Base */ = {isa = PBXFileReference; lastKnownFileType = file.storyboard; name = Base; path = Base.lproj/LaunchScreen.storyboard; sourceTree = "<group>"; };
		AAFC36AC1D71260B003AAA5D /* Info.plist */ = {isa = PBXFileReference; lastKnownFileType = text.plist.xml; path = Info.plist; sourceTree = "<group>"; };
		AAFC36B51D712767003AAA5D /* TemperatureView.h */ = {isa = PBXFileReference; fileEncoding = 4; lastKnownFileType = sourcecode.c.h; path = TemperatureView.h; sourceTree = "<group>"; };
		AAFC36B61D712767003AAA5D /* TemperatureView.m */ = {isa = PBXFileReference; fileEncoding = 4; lastKnownFileType = sourcecode.c.objc; path = TemperatureView.m; sourceTree = "<group>"; };
		AAFC36B81D712785003AAA5D /* ProductView.h */ = {isa = PBXFileReference; fileEncoding = 4; lastKnownFileType = sourcecode.c.h; path = ProductView.h; sourceTree = "<group>"; };
		AAFC36B91D712785003AAA5D /* ProductView.m */ = {isa = PBXFileReference; fileEncoding = 4; lastKnownFileType = sourcecode.c.objc; path = ProductView.m; sourceTree = "<group>"; };
		AAFC36BB1D712796003AAA5D /* BuyView.h */ = {isa = PBXFileReference; fileEncoding = 4; lastKnownFileType = sourcecode.c.h; path = BuyView.h; sourceTree = "<group>"; };
		AAFC36BC1D712796003AAA5D /* BuyView.m */ = {isa = PBXFileReference; fileEncoding = 4; lastKnownFileType = sourcecode.c.objc; path = BuyView.m; sourceTree = "<group>"; };
		AAFF65741D71459000CE1F38 /* BackgroundLayer.h */ = {isa = PBXFileReference; fileEncoding = 4; lastKnownFileType = sourcecode.c.h; path = BackgroundLayer.h; sourceTree = "<group>"; };
		AAFF65751D71459000CE1F38 /* BackgroundLayer.m */ = {isa = PBXFileReference; fileEncoding = 4; lastKnownFileType = sourcecode.c.objc; path = BackgroundLayer.m; sourceTree = "<group>"; };
		AAFF657A1D71E35400CE1F38 /* NSDictionary+ObjectMapper.h */ = {isa = PBXFileReference; fileEncoding = 4; lastKnownFileType = sourcecode.c.h; path = "NSDictionary+ObjectMapper.h"; sourceTree = "<group>"; };
		AAFF657B1D71E35400CE1F38 /* NSDictionary+ObjectMapper.m */ = {isa = PBXFileReference; fileEncoding = 4; lastKnownFileType = sourcecode.c.objc; path = "NSDictionary+ObjectMapper.m"; sourceTree = "<group>"; };
		AAFF657C1D71E35400CE1F38 /* NSObject+ObjectMapper.h */ = {isa = PBXFileReference; fileEncoding = 4; lastKnownFileType = sourcecode.c.h; path = "NSObject+ObjectMapper.h"; sourceTree = "<group>"; };
		AAFF657D1D71E35400CE1F38 /* NSObject+ObjectMapper.m */ = {isa = PBXFileReference; fileEncoding = 4; lastKnownFileType = sourcecode.c.objc; path = "NSObject+ObjectMapper.m"; sourceTree = "<group>"; };
		AAFF657F1D71E35400CE1F38 /* InstanceProvider.h */ = {isa = PBXFileReference; fileEncoding = 4; lastKnownFileType = sourcecode.c.h; path = InstanceProvider.h; sourceTree = "<group>"; };
		AAFF65801D71E35400CE1F38 /* ManagedObjectInstanceProvider.h */ = {isa = PBXFileReference; fileEncoding = 4; lastKnownFileType = sourcecode.c.h; path = ManagedObjectInstanceProvider.h; sourceTree = "<group>"; };
		AAFF65811D71E35400CE1F38 /* ManagedObjectInstanceProvider.m */ = {isa = PBXFileReference; fileEncoding = 4; lastKnownFileType = sourcecode.c.objc; path = ManagedObjectInstanceProvider.m; sourceTree = "<group>"; };
		AAFF65821D71E35400CE1F38 /* ObjectInstanceProvider.h */ = {isa = PBXFileReference; fileEncoding = 4; lastKnownFileType = sourcecode.c.h; path = ObjectInstanceProvider.h; sourceTree = "<group>"; };
		AAFF65831D71E35400CE1F38 /* ObjectInstanceProvider.m */ = {isa = PBXFileReference; fileEncoding = 4; lastKnownFileType = sourcecode.c.objc; path = ObjectInstanceProvider.m; sourceTree = "<group>"; };
		AAFF65851D71E35400CE1F38 /* CommonLoggingProvider.h */ = {isa = PBXFileReference; fileEncoding = 4; lastKnownFileType = sourcecode.c.h; path = CommonLoggingProvider.h; sourceTree = "<group>"; };
		AAFF65861D71E35400CE1F38 /* CommonLoggingProvider.m */ = {isa = PBXFileReference; fileEncoding = 4; lastKnownFileType = sourcecode.c.objc; path = CommonLoggingProvider.m; sourceTree = "<group>"; };
		AAFF65871D71E35400CE1F38 /* LoggingProvider.h */ = {isa = PBXFileReference; fileEncoding = 4; lastKnownFileType = sourcecode.c.h; path = LoggingProvider.h; sourceTree = "<group>"; };
		AAFF658A1D71E35400CE1F38 /* InCodeMappingProvider.h */ = {isa = PBXFileReference; fileEncoding = 4; lastKnownFileType = sourcecode.c.h; path = InCodeMappingProvider.h; sourceTree = "<group>"; };
		AAFF658B1D71E35400CE1F38 /* InCodeMappingProvider.m */ = {isa = PBXFileReference; fileEncoding = 4; lastKnownFileType = sourcecode.c.objc; path = InCodeMappingProvider.m; sourceTree = "<group>"; };
		AAFF658C1D71E35400CE1F38 /* MappingProvider.h */ = {isa = PBXFileReference; fileEncoding = 4; lastKnownFileType = sourcecode.c.h; path = MappingProvider.h; sourceTree = "<group>"; };
		AAFF658D1D71E35400CE1F38 /* ObjectMapper.h */ = {isa = PBXFileReference; fileEncoding = 4; lastKnownFileType = sourcecode.c.h; path = ObjectMapper.h; sourceTree = "<group>"; };
		AAFF658E1D71E35400CE1F38 /* ObjectMapper.m */ = {isa = PBXFileReference; fileEncoding = 4; lastKnownFileType = sourcecode.c.objc; path = ObjectMapper.m; sourceTree = "<group>"; };
		AAFF658F1D71E35400CE1F38 /* ObjectMappingInfo.h */ = {isa = PBXFileReference; fileEncoding = 4; lastKnownFileType = sourcecode.c.h; path = ObjectMappingInfo.h; sourceTree = "<group>"; };
		AAFF65901D71E35400CE1F38 /* ObjectMappingInfo.m */ = {isa = PBXFileReference; fileEncoding = 4; lastKnownFileType = sourcecode.c.objc; path = ObjectMappingInfo.m; sourceTree = "<group>"; };
		AAFF65911D71E35400CE1F38 /* OCMapper.h */ = {isa = PBXFileReference; fileEncoding = 4; lastKnownFileType = sourcecode.c.h; path = OCMapper.h; sourceTree = "<group>"; };
		AAFF659A1D71E44400CE1F38 /* Declarations.h */ = {isa = PBXFileReference; fileEncoding = 4; lastKnownFileType = sourcecode.c.h; path = Declarations.h; sourceTree = "<group>"; };
		AAFF659B1D71E44400CE1F38 /* Declarations.m */ = {isa = PBXFileReference; fileEncoding = 4; lastKnownFileType = sourcecode.c.objc; path = Declarations.m; sourceTree = "<group>"; };
		AAFF659D1D71E48000CE1F38 /* OCMapperConfig.h */ = {isa = PBXFileReference; fileEncoding = 4; lastKnownFileType = sourcecode.c.h; path = OCMapperConfig.h; sourceTree = "<group>"; };
		AAFF659E1D71E48000CE1F38 /* OCMapperConfig.m */ = {isa = PBXFileReference; fileEncoding = 4; lastKnownFileType = sourcecode.c.objc; path = OCMapperConfig.m; sourceTree = "<group>"; };
		AAFF659F1D71E48000CE1F38 /* Parser.h */ = {isa = PBXFileReference; fileEncoding = 4; lastKnownFileType = sourcecode.c.h; path = Parser.h; sourceTree = "<group>"; };
		AAFF65A01D71E48000CE1F38 /* Parser.m */ = {isa = PBXFileReference; fileEncoding = 4; lastKnownFileType = sourcecode.c.objc; path = Parser.m; sourceTree = "<group>"; };
		AAFF65A11D71E48000CE1F38 /* WebServices.h */ = {isa = PBXFileReference; fileEncoding = 4; lastKnownFileType = sourcecode.c.h; path = WebServices.h; sourceTree = "<group>"; };
		AAFF65A21D71E48000CE1F38 /* WebServices.m */ = {isa = PBXFileReference; fileEncoding = 4; lastKnownFileType = sourcecode.c.objc; path = WebServices.m; sourceTree = "<group>"; };
		AAFF65A71D71EC7400CE1F38 /* NSObject+SBJson.h */ = {isa = PBXFileReference; fileEncoding = 4; lastKnownFileType = sourcecode.c.h; path = "NSObject+SBJson.h"; sourceTree = "<group>"; };
		AAFF65A81D71EC7400CE1F38 /* NSObject+SBJson.m */ = {isa = PBXFileReference; fileEncoding = 4; lastKnownFileType = sourcecode.c.objc; path = "NSObject+SBJson.m"; sourceTree = "<group>"; };
		AAFF65A91D71EC7400CE1F38 /* SBJson.h */ = {isa = PBXFileReference; fileEncoding = 4; lastKnownFileType = sourcecode.c.h; path = SBJson.h; sourceTree = "<group>"; };
		AAFF65AA1D71EC7400CE1F38 /* SBJsonParser.h */ = {isa = PBXFileReference; fileEncoding = 4; lastKnownFileType = sourcecode.c.h; path = SBJsonParser.h; sourceTree = "<group>"; };
		AAFF65AB1D71EC7400CE1F38 /* SBJsonParser.m */ = {isa = PBXFileReference; fileEncoding = 4; lastKnownFileType = sourcecode.c.objc; path = SBJsonParser.m; sourceTree = "<group>"; };
		AAFF65AC1D71EC7400CE1F38 /* SBJsonStreamParser.h */ = {isa = PBXFileReference; fileEncoding = 4; lastKnownFileType = sourcecode.c.h; path = SBJsonStreamParser.h; sourceTree = "<group>"; };
		AAFF65AD1D71EC7400CE1F38 /* SBJsonStreamParser.m */ = {isa = PBXFileReference; fileEncoding = 4; lastKnownFileType = sourcecode.c.objc; path = SBJsonStreamParser.m; sourceTree = "<group>"; };
		AAFF65AE1D71EC7400CE1F38 /* SBJsonStreamParserAccumulator.h */ = {isa = PBXFileReference; fileEncoding = 4; lastKnownFileType = sourcecode.c.h; path = SBJsonStreamParserAccumulator.h; sourceTree = "<group>"; };
		AAFF65AF1D71EC7400CE1F38 /* SBJsonStreamParserAccumulator.m */ = {isa = PBXFileReference; fileEncoding = 4; lastKnownFileType = sourcecode.c.objc; path = SBJsonStreamParserAccumulator.m; sourceTree = "<group>"; };
		AAFF65B01D71EC7400CE1F38 /* SBJsonStreamParserAdapter.h */ = {isa = PBXFileReference; fileEncoding = 4; lastKnownFileType = sourcecode.c.h; path = SBJsonStreamParserAdapter.h; sourceTree = "<group>"; };
		AAFF65B11D71EC7400CE1F38 /* SBJsonStreamParserAdapter.m */ = {isa = PBXFileReference; fileEncoding = 4; lastKnownFileType = sourcecode.c.objc; path = SBJsonStreamParserAdapter.m; sourceTree = "<group>"; };
		AAFF65B21D71EC7400CE1F38 /* SBJsonStreamParserState.h */ = {isa = PBXFileReference; fileEncoding = 4; lastKnownFileType = sourcecode.c.h; path = SBJsonStreamParserState.h; sourceTree = "<group>"; };
		AAFF65B31D71EC7400CE1F38 /* SBJsonStreamParserState.m */ = {isa = PBXFileReference; fileEncoding = 4; lastKnownFileType = sourcecode.c.objc; path = SBJsonStreamParserState.m; sourceTree = "<group>"; };
		AAFF65B41D71EC7400CE1F38 /* SBJsonStreamWriter.h */ = {isa = PBXFileReference; fileEncoding = 4; lastKnownFileType = sourcecode.c.h; path = SBJsonStreamWriter.h; sourceTree = "<group>"; };
		AAFF65B51D71EC7400CE1F38 /* SBJsonStreamWriter.m */ = {isa = PBXFileReference; fileEncoding = 4; lastKnownFileType = sourcecode.c.objc; path = SBJsonStreamWriter.m; sourceTree = "<group>"; };
		AAFF65B61D71EC7400CE1F38 /* SBJsonStreamWriterAccumulator.h */ = {isa = PBXFileReference; fileEncoding = 4; lastKnownFileType = sourcecode.c.h; path = SBJsonStreamWriterAccumulator.h; sourceTree = "<group>"; };
		AAFF65B71D71EC7400CE1F38 /* SBJsonStreamWriterAccumulator.m */ = {isa = PBXFileReference; fileEncoding = 4; lastKnownFileType = sourcecode.c.objc; path = SBJsonStreamWriterAccumulator.m; sourceTree = "<group>"; };
		AAFF65B81D71EC7400CE1F38 /* SBJsonStreamWriterState.h */ = {isa = PBXFileReference; fileEncoding = 4; lastKnownFileType = sourcecode.c.h; path = SBJsonStreamWriterState.h; sourceTree = "<group>"; };
		AAFF65B91D71EC7400CE1F38 /* SBJsonStreamWriterState.m */ = {isa = PBXFileReference; fileEncoding = 4; lastKnownFileType = sourcecode.c.objc; path = SBJsonStreamWriterState.m; sourceTree = "<group>"; };
		AAFF65BA1D71EC7400CE1F38 /* SBJsonTokeniser.h */ = {isa = PBXFileReference; fileEncoding = 4; lastKnownFileType = sourcecode.c.h; path = SBJsonTokeniser.h; sourceTree = "<group>"; };
		AAFF65BB1D71EC7400CE1F38 /* SBJsonTokeniser.m */ = {isa = PBXFileReference; fileEncoding = 4; lastKnownFileType = sourcecode.c.objc; path = SBJsonTokeniser.m; sourceTree = "<group>"; };
		AAFF65BC1D71EC7400CE1F38 /* SBJsonUTF8Stream.h */ = {isa = PBXFileReference; fileEncoding = 4; lastKnownFileType = sourcecode.c.h; path = SBJsonUTF8Stream.h; sourceTree = "<group>"; };
		AAFF65BD1D71EC7400CE1F38 /* SBJsonUTF8Stream.m */ = {isa = PBXFileReference; fileEncoding = 4; lastKnownFileType = sourcecode.c.objc; path = SBJsonUTF8Stream.m; sourceTree = "<group>"; };
		AAFF65BE1D71EC7400CE1F38 /* SBJsonWriter.h */ = {isa = PBXFileReference; fileEncoding = 4; lastKnownFileType = sourcecode.c.h; path = SBJsonWriter.h; sourceTree = "<group>"; };
		AAFF65BF1D71EC7400CE1F38 /* SBJsonWriter.m */ = {isa = PBXFileReference; fileEncoding = 4; lastKnownFileType = sourcecode.c.objc; path = SBJsonWriter.m; sourceTree = "<group>"; };
		AAFF65CE1D71F4CE00CE1F38 /* ObjectResponse.h */ = {isa = PBXFileReference; fileEncoding = 4; lastKnownFileType = sourcecode.c.h; path = ObjectResponse.h; sourceTree = "<group>"; };
		AAFF65CF1D71F4CE00CE1F38 /* ObjectResponse.m */ = {isa = PBXFileReference; fileEncoding = 4; lastKnownFileType = sourcecode.c.objc; path = ObjectResponse.m; sourceTree = "<group>"; };
		AAFF65D11D71FD7F00CE1F38 /* Json_main.h */ = {isa = PBXFileReference; fileEncoding = 4; lastKnownFileType = sourcecode.c.h; path = Json_main.h; sourceTree = "<group>"; };
		AAFF65D21D71FD7F00CE1F38 /* Json_main.m */ = {isa = PBXFileReference; fileEncoding = 4; lastKnownFileType = sourcecode.c.objc; path = Json_main.m; sourceTree = "<group>"; };
		AAFF65D41D7206EC00CE1F38 /* Json_weather.h */ = {isa = PBXFileReference; fileEncoding = 4; lastKnownFileType = sourcecode.c.h; path = Json_weather.h; sourceTree = "<group>"; };
		AAFF65D51D7206EC00CE1F38 /* Json_weather.m */ = {isa = PBXFileReference; fileEncoding = 4; lastKnownFileType = sourcecode.c.objc; path = Json_weather.m; sourceTree = "<group>"; };
		AAFF65DA1D724D4E00CE1F38 /* Cell.h */ = {isa = PBXFileReference; fileEncoding = 4; lastKnownFileType = sourcecode.c.h; path = Cell.h; sourceTree = "<group>"; };
		AAFF65DB1D724D4E00CE1F38 /* Cell.m */ = {isa = PBXFileReference; fileEncoding = 4; lastKnownFileType = sourcecode.c.objc; path = Cell.m; sourceTree = "<group>"; };
		AAFF65DC1D724D4E00CE1F38 /* Cell.xib */ = {isa = PBXFileReference; fileEncoding = 4; lastKnownFileType = file.xib; path = Cell.xib; sourceTree = "<group>"; };
		AAFF65E01D72590500CE1F38 /* cablelight.jpg */ = {isa = PBXFileReference; lastKnownFileType = image.jpeg; path = cablelight.jpg; sourceTree = "<group>"; };
		AAFF65E11D72590500CE1F38 /* cargador.jpg */ = {isa = PBXFileReference; lastKnownFileType = image.jpeg; path = cargador.jpg; sourceTree = "<group>"; };
		AAFF65E21D72590500CE1F38 /* impresora.jpg */ = {isa = PBXFileReference; lastKnownFileType = image.jpeg; path = impresora.jpg; sourceTree = "<group>"; };
		AAFF65E31D72590500CE1F38 /* kindle.jpg */ = {isa = PBXFileReference; lastKnownFileType = image.jpeg; path = kindle.jpg; sourceTree = "<group>"; };
		AAFF65E41D72590500CE1F38 /* motog4.jpg */ = {isa = PBXFileReference; lastKnownFileType = image.jpeg; path = motog4.jpg; sourceTree = "<group>"; };
		AAFF65E51D72590500CE1F38 /* mouse.jpg */ = {isa = PBXFileReference; lastKnownFileType = image.jpeg; path = mouse.jpg; sourceTree = "<group>"; };
		AAFF65E61D72590500CE1F38 /* smarttv.jpg */ = {isa = PBXFileReference; lastKnownFileType = image.jpeg; path = smarttv.jpg; sourceTree = "<group>"; };
		AAFF65E71D72590500CE1F38 /* smartw.jpg */ = {isa = PBXFileReference; lastKnownFileType = image.jpeg; path = smartw.jpg; sourceTree = "<group>"; };
		AAFF65E81D72590500CE1F38 /* tripie.jpg */ = {isa = PBXFileReference; lastKnownFileType = image.jpeg; path = tripie.jpg; sourceTree = "<group>"; };
		AAFF65E91D72590500CE1F38 /* vtindew.jpg */ = {isa = PBXFileReference; lastKnownFileType = image.jpeg; path = vtindew.jpg; sourceTree = "<group>"; };
		F9411CF00E523EC23070655A /* Pods-ExamenFinal.debug.xcconfig */ = {isa = PBXFileReference; includeInIndex = 1; lastKnownFileType = text.xcconfig; name = "Pods-ExamenFinal.debug.xcconfig"; path = "Pods/Target Support Files/Pods-ExamenFinal/Pods-ExamenFinal.debug.xcconfig"; sourceTree = "<group>"; };
/* End PBXFileReference section */

/* Begin PBXFrameworksBuildPhase section */
		AAFC36921D71260B003AAA5D /* Frameworks */ = {
			isa = PBXFrameworksBuildPhase;
			buildActionMask = 2147483647;
			files = (
				E68FBB6B91F113922337FE8A /* Pods_ExamenFinal.framework in Frameworks */,
			);
			runOnlyForDeploymentPostprocessing = 0;
		};
/* End PBXFrameworksBuildPhase section */

/* Begin PBXGroup section */
		523ED0E1624EB6928051900D /* Pods */ = {
			isa = PBXGroup;
			children = (
				F9411CF00E523EC23070655A /* Pods-ExamenFinal.debug.xcconfig */,
				3BB0079DF39B07B7F16DD791 /* Pods-ExamenFinal.release.xcconfig */,
			);
			name = Pods;
			sourceTree = "<group>";
		};
		98D572ADF98F204EBC69B98E /* Frameworks */ = {
			isa = PBXGroup;
			children = (
				A5D47335D0DB5ECB9C255344 /* Pods_ExamenFinal.framework */,
			);
			name = Frameworks;
			sourceTree = "<group>";
		};
		AAFC368C1D71260B003AAA5D = {
			isa = PBXGroup;
			children = (
				AAFC36971D71260B003AAA5D /* ExamenFinal */,
				AAFC36961D71260B003AAA5D /* Products */,
				523ED0E1624EB6928051900D /* Pods */,
				98D572ADF98F204EBC69B98E /* Frameworks */,
			);
			sourceTree = "<group>";
		};
		AAFC36961D71260B003AAA5D /* Products */ = {
			isa = PBXGroup;
			children = (
				AAFC36951D71260B003AAA5D /* ExamenFinal.app */,
			);
			name = Products;
			sourceTree = "<group>";
		};
		AAFC36971D71260B003AAA5D /* ExamenFinal */ = {
			isa = PBXGroup;
			children = (
				AAFF65DF1D72590500CE1F38 /* img */,
				AAFF65CC1D71F48D00CE1F38 /* Models */,
				AAFF65771D71E34300CE1F38 /* Classes */,
				AAFF65731D71456600CE1F38 /* Utils */,
				AAFC36B41D712729003AAA5D /* Cell */,
				AAFC36B31D712719003AAA5D /* Main */,
				AAFC36B21D712713003AAA5D /* Controllers */,
				AAFC36A11D71260B003AAA5D /* Main.storyboard */,
				AAFC36A71D71260B003AAA5D /* Assets.xcassets */,
				AAFC36A91D71260B003AAA5D /* LaunchScreen.storyboard */,
				AAFC36AC1D71260B003AAA5D /* Info.plist */,
				AAFC36A41D71260B003AAA5D /* ExamenFinal.xcdatamodeld */,
				AAFC36981D71260B003AAA5D /* Supporting Files */,
			);
			path = ExamenFinal;
			sourceTree = "<group>";
		};
		AAFC36981D71260B003AAA5D /* Supporting Files */ = {
			isa = PBXGroup;
			children = (
				AAFC36991D71260B003AAA5D /* main.m */,
			);
			name = "Supporting Files";
			sourceTree = "<group>";
		};
		AAFC36B21D712713003AAA5D /* Controllers */ = {
			isa = PBXGroup;
			children = (
				AAFC369E1D71260B003AAA5D /* Start.h */,
				AAFC369F1D71260B003AAA5D /* Start.m */,
				AAFC36B51D712767003AAA5D /* TemperatureView.h */,
				AAFC36B61D712767003AAA5D /* TemperatureView.m */,
				AAFC36B81D712785003AAA5D /* ProductView.h */,
				AAFC36B91D712785003AAA5D /* ProductView.m */,
				AAFC36BB1D712796003AAA5D /* BuyView.h */,
				AAFC36BC1D712796003AAA5D /* BuyView.m */,
			);
			name = Controllers;
			sourceTree = "<group>";
		};
		AAFC36B31D712719003AAA5D /* Main */ = {
			isa = PBXGroup;
			children = (
				AAFF659D1D71E48000CE1F38 /* OCMapperConfig.h */,
				AAFF659E1D71E48000CE1F38 /* OCMapperConfig.m */,
				AAFF659F1D71E48000CE1F38 /* Parser.h */,
				AAFF65A01D71E48000CE1F38 /* Parser.m */,
				AAFF65A11D71E48000CE1F38 /* WebServices.h */,
				AAFF65A21D71E48000CE1F38 /* WebServices.m */,
				AAFC369B1D71260B003AAA5D /* AppDelegate.h */,
				AAFC369C1D71260B003AAA5D /* AppDelegate.m */,
				AAFF659A1D71E44400CE1F38 /* Declarations.h */,
				AAFF659B1D71E44400CE1F38 /* Declarations.m */,
			);
			name = Main;
			sourceTree = "<group>";
		};
		AAFC36B41D712729003AAA5D /* Cell */ = {
			isa = PBXGroup;
			children = (
				AAFF65DA1D724D4E00CE1F38 /* Cell.h */,
				AAFF65DB1D724D4E00CE1F38 /* Cell.m */,
				AAFF65DC1D724D4E00CE1F38 /* Cell.xib */,
			);
			name = Cell;
			sourceTree = "<group>";
		};
		AAFF65731D71456600CE1F38 /* Utils */ = {
			isa = PBXGroup;
			children = (
				AAFF65741D71459000CE1F38 /* BackgroundLayer.h */,
				AAFF65751D71459000CE1F38 /* BackgroundLayer.m */,
			);
			name = Utils;
			sourceTree = "<group>";
		};
		AAFF65771D71E34300CE1F38 /* Classes */ = {
			isa = PBXGroup;
			children = (
				AAFF65A61D71EC7400CE1F38 /* json */,
				AAFF65781D71E35400CE1F38 /* ocmapper */,
			);
			name = Classes;
			sourceTree = "<group>";
		};
		AAFF65781D71E35400CE1F38 /* ocmapper */ = {
			isa = PBXGroup;
			children = (
				AAFF65791D71E35400CE1F38 /* Categories */,
				AAFF657E1D71E35400CE1F38 /* Instance Provider */,
				AAFF65841D71E35400CE1F38 /* Logging Provider */,
				AAFF65881D71E35400CE1F38 /* Mapping Provider */,
				AAFF658D1D71E35400CE1F38 /* ObjectMapper.h */,
				AAFF658E1D71E35400CE1F38 /* ObjectMapper.m */,
				AAFF658F1D71E35400CE1F38 /* ObjectMappingInfo.h */,
				AAFF65901D71E35400CE1F38 /* ObjectMappingInfo.m */,
				AAFF65911D71E35400CE1F38 /* OCMapper.h */,
			);
			path = ocmapper;
			sourceTree = "<group>";
		};
		AAFF65791D71E35400CE1F38 /* Categories */ = {
			isa = PBXGroup;
			children = (
				AAFF657A1D71E35400CE1F38 /* NSDictionary+ObjectMapper.h */,
				AAFF657B1D71E35400CE1F38 /* NSDictionary+ObjectMapper.m */,
				AAFF657C1D71E35400CE1F38 /* NSObject+ObjectMapper.h */,
				AAFF657D1D71E35400CE1F38 /* NSObject+ObjectMapper.m */,
			);
			path = Categories;
			sourceTree = "<group>";
		};
		AAFF657E1D71E35400CE1F38 /* Instance Provider */ = {
			isa = PBXGroup;
			children = (
				AAFF657F1D71E35400CE1F38 /* InstanceProvider.h */,
				AAFF65801D71E35400CE1F38 /* ManagedObjectInstanceProvider.h */,
				AAFF65811D71E35400CE1F38 /* ManagedObjectInstanceProvider.m */,
				AAFF65821D71E35400CE1F38 /* ObjectInstanceProvider.h */,
				AAFF65831D71E35400CE1F38 /* ObjectInstanceProvider.m */,
			);
			path = "Instance Provider";
			sourceTree = "<group>";
		};
		AAFF65841D71E35400CE1F38 /* Logging Provider */ = {
			isa = PBXGroup;
			children = (
				AAFF65851D71E35400CE1F38 /* CommonLoggingProvider.h */,
				AAFF65861D71E35400CE1F38 /* CommonLoggingProvider.m */,
				AAFF65871D71E35400CE1F38 /* LoggingProvider.h */,
			);
			path = "Logging Provider";
			sourceTree = "<group>";
		};
		AAFF65881D71E35400CE1F38 /* Mapping Provider */ = {
			isa = PBXGroup;
			children = (
				AAFF65891D71E35400CE1F38 /* In Code Mapping */,
				AAFF658C1D71E35400CE1F38 /* MappingProvider.h */,
			);
			path = "Mapping Provider";
			sourceTree = "<group>";
		};
		AAFF65891D71E35400CE1F38 /* In Code Mapping */ = {
			isa = PBXGroup;
			children = (
				AAFF658A1D71E35400CE1F38 /* InCodeMappingProvider.h */,
				AAFF658B1D71E35400CE1F38 /* InCodeMappingProvider.m */,
			);
			path = "In Code Mapping";
			sourceTree = "<group>";
		};
		AAFF65A61D71EC7400CE1F38 /* json */ = {
			isa = PBXGroup;
			children = (
				AAFF65A71D71EC7400CE1F38 /* NSObject+SBJson.h */,
				AAFF65A81D71EC7400CE1F38 /* NSObject+SBJson.m */,
				AAFF65A91D71EC7400CE1F38 /* SBJson.h */,
				AAFF65AA1D71EC7400CE1F38 /* SBJsonParser.h */,
				AAFF65AB1D71EC7400CE1F38 /* SBJsonParser.m */,
				AAFF65AC1D71EC7400CE1F38 /* SBJsonStreamParser.h */,
				AAFF65AD1D71EC7400CE1F38 /* SBJsonStreamParser.m */,
				AAFF65AE1D71EC7400CE1F38 /* SBJsonStreamParserAccumulator.h */,
				AAFF65AF1D71EC7400CE1F38 /* SBJsonStreamParserAccumulator.m */,
				AAFF65B01D71EC7400CE1F38 /* SBJsonStreamParserAdapter.h */,
				AAFF65B11D71EC7400CE1F38 /* SBJsonStreamParserAdapter.m */,
				AAFF65B21D71EC7400CE1F38 /* SBJsonStreamParserState.h */,
				AAFF65B31D71EC7400CE1F38 /* SBJsonStreamParserState.m */,
				AAFF65B41D71EC7400CE1F38 /* SBJsonStreamWriter.h */,
				AAFF65B51D71EC7400CE1F38 /* SBJsonStreamWriter.m */,
				AAFF65B61D71EC7400CE1F38 /* SBJsonStreamWriterAccumulator.h */,
				AAFF65B71D71EC7400CE1F38 /* SBJsonStreamWriterAccumulator.m */,
				AAFF65B81D71EC7400CE1F38 /* SBJsonStreamWriterState.h */,
				AAFF65B91D71EC7400CE1F38 /* SBJsonStreamWriterState.m */,
				AAFF65BA1D71EC7400CE1F38 /* SBJsonTokeniser.h */,
				AAFF65BB1D71EC7400CE1F38 /* SBJsonTokeniser.m */,
				AAFF65BC1D71EC7400CE1F38 /* SBJsonUTF8Stream.h */,
				AAFF65BD1D71EC7400CE1F38 /* SBJsonUTF8Stream.m */,
				AAFF65BE1D71EC7400CE1F38 /* SBJsonWriter.h */,
				AAFF65BF1D71EC7400CE1F38 /* SBJsonWriter.m */,
			);
			path = json;
			sourceTree = "<group>";
		};
		AAFF65CC1D71F48D00CE1F38 /* Models */ = {
			isa = PBXGroup;
			children = (
				AAFF65CE1D71F4CE00CE1F38 /* ObjectResponse.h */,
				AAFF65CF1D71F4CE00CE1F38 /* ObjectResponse.m */,
				AAFF65D11D71FD7F00CE1F38 /* Json_main.h */,
				AAFF65D21D71FD7F00CE1F38 /* Json_main.m */,
				AAFF65D41D7206EC00CE1F38 /* Json_weather.h */,
				AAFF65D51D7206EC00CE1F38 /* Json_weather.m */,
			);
			name = Models;
			sourceTree = "<group>";
		};
		AAFF65DF1D72590500CE1F38 /* img */ = {
			isa = PBXGroup;
			children = (
				AAFF65E01D72590500CE1F38 /* cablelight.jpg */,
				AAFF65E11D72590500CE1F38 /* cargador.jpg */,
				AAFF65E21D72590500CE1F38 /* impresora.jpg */,
				AAFF65E31D72590500CE1F38 /* kindle.jpg */,
				AAFF65E41D72590500CE1F38 /* motog4.jpg */,
				AAFF65E51D72590500CE1F38 /* mouse.jpg */,
				AAFF65E61D72590500CE1F38 /* smarttv.jpg */,
				AAFF65E71D72590500CE1F38 /* smartw.jpg */,
				AAFF65E81D72590500CE1F38 /* tripie.jpg */,
				AAFF65E91D72590500CE1F38 /* vtindew.jpg */,
			);
			path = img;
			sourceTree = "<group>";
		};
/* End PBXGroup section */

/* Begin PBXNativeTarget section */
		AAFC36941D71260B003AAA5D /* ExamenFinal */ = {
			isa = PBXNativeTarget;
			buildConfigurationList = AAFC36AF1D71260B003AAA5D /* Build configuration list for PBXNativeTarget "ExamenFinal" */;
			buildPhases = (
				F1DCA213AE931FC98DC5FE64 /* [CP] Check Pods Manifest.lock */,
				AAFC36911D71260B003AAA5D /* Sources */,
				AAFC36921D71260B003AAA5D /* Frameworks */,
				AAFC36931D71260B003AAA5D /* Resources */,
				520BAB8BE52045F78D5C1E19 /* [CP] Embed Pods Frameworks */,
				57D91015D9F271980CD38D86 /* [CP] Copy Pods Resources */,
			);
			buildRules = (
			);
			dependencies = (
			);
			name = ExamenFinal;
			productName = ExamenFinal;
			productReference = AAFC36951D71260B003AAA5D /* ExamenFinal.app */;
			productType = "com.apple.product-type.application";
		};
/* End PBXNativeTarget section */

/* Begin PBXProject section */
		AAFC368D1D71260B003AAA5D /* Project object */ = {
			isa = PBXProject;
			attributes = {
				LastUpgradeCheck = 0730;
				ORGANIZATIONNAME = "Christian Barragan";
				TargetAttributes = {
					AAFC36941D71260B003AAA5D = {
						CreatedOnToolsVersion = 7.3.1;
					};
				};
			};
			buildConfigurationList = AAFC36901D71260B003AAA5D /* Build configuration list for PBXProject "ExamenFinal" */;
			compatibilityVersion = "Xcode 3.2";
			developmentRegion = English;
			hasScannedForEncodings = 0;
			knownRegions = (
				en,
				Base,
			);
			mainGroup = AAFC368C1D71260B003AAA5D;
			productRefGroup = AAFC36961D71260B003AAA5D /* Products */;
			projectDirPath = "";
			projectRoot = "";
			targets = (
				AAFC36941D71260B003AAA5D /* ExamenFinal */,
			);
		};
/* End PBXProject section */

/* Begin PBXResourcesBuildPhase section */
		AAFC36931D71260B003AAA5D /* Resources */ = {
			isa = PBXResourcesBuildPhase;
			buildActionMask = 2147483647;
			files = (
				AAFF65F31D72590500CE1F38 /* vtindew.jpg in Resources */,
				AAFF65ED1D72590500CE1F38 /* kindle.jpg in Resources */,
				AAFF65EF1D72590500CE1F38 /* mouse.jpg in Resources */,
				AAFF65EC1D72590500CE1F38 /* impresora.jpg in Resources */,
				AAFF65F11D72590500CE1F38 /* smartw.jpg in Resources */,
				AAFF65F01D72590500CE1F38 /* smarttv.jpg in Resources */,
				AAFC36AB1D71260B003AAA5D /* LaunchScreen.storyboard in Resources */,
				AAFF65F21D72590500CE1F38 /* tripie.jpg in Resources */,
				AAFF65DE1D724D4E00CE1F38 /* Cell.xib in Resources */,
				AAFC36A81D71260B003AAA5D /* Assets.xcassets in Resources */,
				AAFF65EA1D72590500CE1F38 /* cablelight.jpg in Resources */,
				AAFF65EE1D72590500CE1F38 /* motog4.jpg in Resources */,
				AAFF65EB1D72590500CE1F38 /* cargador.jpg in Resources */,
				AAFC36A31D71260B003AAA5D /* Main.storyboard in Resources */,
			);
			runOnlyForDeploymentPostprocessing = 0;
		};
/* End PBXResourcesBuildPhase section */

/* Begin PBXShellScriptBuildPhase section */
		520BAB8BE52045F78D5C1E19 /* [CP] Embed Pods Frameworks */ = {
			isa = PBXShellScriptBuildPhase;
			buildActionMask = 2147483647;
			files = (
			);
			inputPaths = (
			);
			name = "[CP] Embed Pods Frameworks";
			outputPaths = (
			);
			runOnlyForDeploymentPostprocessing = 0;
			shellPath = /bin/sh;
			shellScript = "\"${SRCROOT}/Pods/Target Support Files/Pods-ExamenFinal/Pods-ExamenFinal-frameworks.sh\"\n";
			showEnvVarsInLog = 0;
		};
		57D91015D9F271980CD38D86 /* [CP] Copy Pods Resources */ = {
			isa = PBXShellScriptBuildPhase;
			buildActionMask = 2147483647;
			files = (
			);
			inputPaths = (
			);
			name = "[CP] Copy Pods Resources";
			outputPaths = (
			);
			runOnlyForDeploymentPostprocessing = 0;
			shellPath = /bin/sh;
			shellScript = "\"${SRCROOT}/Pods/Target Support Files/Pods-ExamenFinal/Pods-ExamenFinal-resources.sh\"\n";
			showEnvVarsInLog = 0;
		};
		F1DCA213AE931FC98DC5FE64 /* [CP] Check Pods Manifest.lock */ = {
			isa = PBXShellScriptBuildPhase;
			buildActionMask = 2147483647;
			files = (
			);
			inputPaths = (
			);
			name = "[CP] Check Pods Manifest.lock";
			outputPaths = (
			);
			runOnlyForDeploymentPostprocessing = 0;
			shellPath = /bin/sh;
			shellScript = "diff \"${PODS_ROOT}/../Podfile.lock\" \"${PODS_ROOT}/Manifest.lock\" > /dev/null\nif [[ $? != 0 ]] ; then\n    cat << EOM\nerror: The sandbox is not in sync with the Podfile.lock. Run 'pod install' or update your CocoaPods installation.\nEOM\n    exit 1\nfi\n";
			showEnvVarsInLog = 0;
		};
/* End PBXShellScriptBuildPhase section */

/* Begin PBXSourcesBuildPhase section */
		AAFC36911D71260B003AAA5D /* Sources */ = {
			isa = PBXSourcesBuildPhase;
			buildActionMask = 2147483647;
			files = (
				AAFF65D01D71F4CE00CE1F38 /* ObjectResponse.m in Sources */,
				AAFF659C1D71E44400CE1F38 /* Declarations.m in Sources */,
				AAFF65C41D71EC7400CE1F38 /* SBJsonStreamParserAdapter.m in Sources */,
				AAFC36A61D71260B003AAA5D /* ExamenFinal.xcdatamodeld in Sources */,
				AAFF65C31D71EC7400CE1F38 /* SBJsonStreamParserAccumulator.m in Sources */,
				AAFF65761D71459100CE1F38 /* BackgroundLayer.m in Sources */,
				AAFF65D61D7206EC00CE1F38 /* Json_weather.m in Sources */,
				AAFC36A01D71260B003AAA5D /* Start.m in Sources */,
				AAFF65941D71E35400CE1F38 /* ManagedObjectInstanceProvider.m in Sources */,
				AAFF65961D71E35400CE1F38 /* CommonLoggingProvider.m in Sources */,
				AAFF65A51D71E48000CE1F38 /* WebServices.m in Sources */,
				AAFF65D31D71FD7F00CE1F38 /* Json_main.m in Sources */,
				AAFF65C21D71EC7400CE1F38 /* SBJsonStreamParser.m in Sources */,
				AAFF65C71D71EC7400CE1F38 /* SBJsonStreamWriterAccumulator.m in Sources */,
				AAFF65C91D71EC7400CE1F38 /* SBJsonTokeniser.m in Sources */,
				AAFF65C61D71EC7400CE1F38 /* SBJsonStreamWriter.m in Sources */,
				AAFC36BA1D712785003AAA5D /* ProductView.m in Sources */,
				AAFF65DD1D724D4E00CE1F38 /* Cell.m in Sources */,
				AAFC36BD1D712796003AAA5D /* BuyView.m in Sources */,
				AAFC36B71D712767003AAA5D /* TemperatureView.m in Sources */,
				AAFF65A41D71E48000CE1F38 /* Parser.m in Sources */,
				AAFF65C81D71EC7400CE1F38 /* SBJsonStreamWriterState.m in Sources */,
				AAFF65981D71E35400CE1F38 /* ObjectMapper.m in Sources */,
				AAFF65C51D71EC7400CE1F38 /* SBJsonStreamParserState.m in Sources */,
				AAFC369D1D71260B003AAA5D /* AppDelegate.m in Sources */,
				AAFF65CB1D71EC7400CE1F38 /* SBJsonWriter.m in Sources */,
				AAFF65C01D71EC7400CE1F38 /* NSObject+SBJson.m in Sources */,
				AAFF65971D71E35400CE1F38 /* InCodeMappingProvider.m in Sources */,
				AAFF65C11D71EC7400CE1F38 /* SBJsonParser.m in Sources */,
				AAFF65931D71E35400CE1F38 /* NSObject+ObjectMapper.m in Sources */,
				AAFF65921D71E35400CE1F38 /* NSDictionary+ObjectMapper.m in Sources */,
				AAFF65CA1D71EC7400CE1F38 /* SBJsonUTF8Stream.m in Sources */,
				AAFF65991D71E35400CE1F38 /* ObjectMappingInfo.m in Sources */,
				AAFF65951D71E35400CE1F38 /* ObjectInstanceProvider.m in Sources */,
				AAFF65A31D71E48000CE1F38 /* OCMapperConfig.m in Sources */,
				AAFC369A1D71260B003AAA5D /* main.m in Sources */,
			);
			runOnlyForDeploymentPostprocessing = 0;
		};
/* End PBXSourcesBuildPhase section */

/* Begin PBXVariantGroup section */
		AAFC36A11D71260B003AAA5D /* Main.storyboard */ = {
			isa = PBXVariantGroup;
			children = (
				AAFC36A21D71260B003AAA5D /* Base */,
			);
			name = Main.storyboard;
			sourceTree = "<group>";
		};
		AAFC36A91D71260B003AAA5D /* LaunchScreen.storyboard */ = {
			isa = PBXVariantGroup;
			children = (
				AAFC36AA1D71260B003AAA5D /* Base */,
			);
			name = LaunchScreen.storyboard;
			sourceTree = "<group>";
		};
/* End PBXVariantGroup section */

/* Begin XCBuildConfiguration section */
		AAFC36AD1D71260B003AAA5D /* Debug */ = {
			isa = XCBuildConfiguration;
			buildSettings = {
				ALWAYS_SEARCH_USER_PATHS = NO;
				CLANG_ANALYZER_NONNULL = YES;
				CLANG_CXX_LANGUAGE_STANDARD = "gnu++0x";
				CLANG_CXX_LIBRARY = "libc++";
				CLANG_ENABLE_MODULES = YES;
				CLANG_ENABLE_OBJC_ARC = YES;
				CLANG_WARN_BOOL_CONVERSION = YES;
				CLANG_WARN_CONSTANT_CONVERSION = YES;
				CLANG_WARN_DIRECT_OBJC_ISA_USAGE = YES_ERROR;
				CLANG_WARN_EMPTY_BODY = YES;
				CLANG_WARN_ENUM_CONVERSION = YES;
				CLANG_WARN_INT_CONVERSION = YES;
				CLANG_WARN_OBJC_ROOT_CLASS = YES_ERROR;
				CLANG_WARN_UNREACHABLE_CODE = YES;
				CLANG_WARN__DUPLICATE_METHOD_MATCH = YES;
				"CODE_SIGN_IDENTITY[sdk=iphoneos*]" = "iPhone Developer";
				COPY_PHASE_STRIP = NO;
				DEBUG_INFORMATION_FORMAT = dwarf;
				ENABLE_STRICT_OBJC_MSGSEND = YES;
				ENABLE_TESTABILITY = YES;
				GCC_C_LANGUAGE_STANDARD = gnu99;
				GCC_DYNAMIC_NO_PIC = NO;
				GCC_NO_COMMON_BLOCKS = YES;
				GCC_OPTIMIZATION_LEVEL = 0;
				GCC_PREPROCESSOR_DEFINITIONS = (
					"DEBUG=1",
					"$(inherited)",
				);
				GCC_WARN_64_TO_32_BIT_CONVERSION = YES;
				GCC_WARN_ABOUT_RETURN_TYPE = YES_ERROR;
				GCC_WARN_UNDECLARED_SELECTOR = YES;
				GCC_WARN_UNINITIALIZED_AUTOS = YES_AGGRESSIVE;
				GCC_WARN_UNUSED_FUNCTION = YES;
				GCC_WARN_UNUSED_VARIABLE = YES;
				IPHONEOS_DEPLOYMENT_TARGET = 9.3;
				MTL_ENABLE_DEBUG_INFO = YES;
				ONLY_ACTIVE_ARCH = YES;
				SDKROOT = iphoneos;
			};
			name = Debug;
		};
		AAFC36AE1D71260B003AAA5D /* Release */ = {
			isa = XCBuildConfiguration;
			buildSettings = {
				ALWAYS_SEARCH_USER_PATHS = NO;
				CLANG_ANALYZER_NONNULL = YES;
				CLANG_CXX_LANGUAGE_STANDARD = "gnu++0x";
				CLANG_CXX_LIBRARY = "libc++";
				CLANG_ENABLE_MODULES = YES;
				CLANG_ENABLE_OBJC_ARC = YES;
				CLANG_WARN_BOOL_CONVERSION = YES;
				CLANG_WARN_CONSTANT_CONVERSION = YES;
				CLANG_WARN_DIRECT_OBJC_ISA_USAGE = YES_ERROR;
				CLANG_WARN_EMPTY_BODY = YES;
				CLANG_WARN_ENUM_CONVERSION = YES;
				CLANG_WARN_INT_CONVERSION = YES;
				CLANG_WARN_OBJC_ROOT_CLASS = YES_ERROR;
				CLANG_WARN_UNREACHABLE_CODE = YES;
				CLANG_WARN__DUPLICATE_METHOD_MATCH = YES;
				"CODE_SIGN_IDENTITY[sdk=iphoneos*]" = "iPhone Developer";
				COPY_PHASE_STRIP = NO;
				DEBUG_INFORMATION_FORMAT = "dwarf-with-dsym";
				ENABLE_NS_ASSERTIONS = NO;
				ENABLE_STRICT_OBJC_MSGSEND = YES;
				GCC_C_LANGUAGE_STANDARD = gnu99;
				GCC_NO_COMMON_BLOCKS = YES;
				GCC_WARN_64_TO_32_BIT_CONVERSION = YES;
				GCC_WARN_ABOUT_RETURN_TYPE = YES_ERROR;
				GCC_WARN_UNDECLARED_SELECTOR = YES;
				GCC_WARN_UNINITIALIZED_AUTOS = YES_AGGRESSIVE;
				GCC_WARN_UNUSED_FUNCTION = YES;
				GCC_WARN_UNUSED_VARIABLE = YES;
				IPHONEOS_DEPLOYMENT_TARGET = 9.3;
				MTL_ENABLE_DEBUG_INFO = NO;
				SDKROOT = iphoneos;
				VALIDATE_PRODUCT = YES;
			};
			name = Release;
		};
		AAFC36B01D71260B003AAA5D /* Debug */ = {
			isa = XCBuildConfiguration;
			baseConfigurationReference = F9411CF00E523EC23070655A /* Pods-ExamenFinal.debug.xcconfig */;
			buildSettings = {
				ASSETCATALOG_COMPILER_APPICON_NAME = AppIcon;
				INFOPLIST_FILE = ExamenFinal/Info.plist;
				LD_RUNPATH_SEARCH_PATHS = "$(inherited) @executable_path/Frameworks";
				PRODUCT_BUNDLE_IDENTIFIER = com.barragan.ExamenFinal;
				PRODUCT_NAME = "$(TARGET_NAME)";
			};
			name = Debug;
		};
		AAFC36B11D71260B003AAA5D /* Release */ = {
			isa = XCBuildConfiguration;
			baseConfigurationReference = 3BB0079DF39B07B7F16DD791 /* Pods-ExamenFinal.release.xcconfig */;
			buildSettings = {
				ASSETCATALOG_COMPILER_APPICON_NAME = AppIcon;
				INFOPLIST_FILE = ExamenFinal/Info.plist;
				LD_RUNPATH_SEARCH_PATHS = "$(inherited) @executable_path/Frameworks";
				PRODUCT_BUNDLE_IDENTIFIER = com.barragan.ExamenFinal;
				PRODUCT_NAME = "$(TARGET_NAME)";
			};
			name = Release;
		};
/* End XCBuildConfiguration section */

/* Begin XCConfigurationList section */
		AAFC36901D71260B003AAA5D /* Build configuration list for PBXProject "ExamenFinal" */ = {
			isa = XCConfigurationList;
			buildConfigurations = (
				AAFC36AD1D71260B003AAA5D /* Debug */,
				AAFC36AE1D71260B003AAA5D /* Release */,
			);
			defaultConfigurationIsVisible = 0;
			defaultConfigurationName = Release;
		};
		AAFC36AF1D71260B003AAA5D /* Build configuration list for PBXNativeTarget "ExamenFinal" */ = {
			isa = XCConfigurationList;
			buildConfigurations = (
				AAFC36B01D71260B003AAA5D /* Debug */,
				AAFC36B11D71260B003AAA5D /* Release */,
			);
			defaultConfigurationIsVisible = 0;
			defaultConfigurationName = Release;
		};
/* End XCConfigurationList section */

/* Begin XCVersionGroup section */
		AAFC36A41D71260B003AAA5D /* ExamenFinal.xcdatamodeld */ = {
			isa = XCVersionGroup;
			children = (
				AAFC36A51D71260B003AAA5D /* ExamenFinal.xcdatamodel */,
			);
			currentVersion = AAFC36A51D71260B003AAA5D /* ExamenFinal.xcdatamodel */;
			path = ExamenFinal.xcdatamodeld;
			sourceTree = "<group>";
			versionGroupType = wrapper.xcdatamodel;
		};
/* End XCVersionGroup section */
	};
	rootObject = AAFC368D1D71260B003AAA5D /* Project object */;
}
